
Microsoft Visual Studio Solution File, Format Version 12.00
# Visual Studio Version 17
VisualStudioVersion = 17.4.33205.214
MinimumVisualStudioVersion = 10.0.40219.1
Project("{9A19103F-16F7-4668-BE54-9A1E7A4F7556}") = "RobertMQ.API", "RobertMQ.API\RobertMQ.API.csproj", "{7C4E8FA6-A79E-4B67-9895-DFFCC318C353}"
EndProject
Project("{9A19103F-16F7-4668-BE54-9A1E7A4F7556}") = "RobertMQ.Application", "RobertMQ.Application\RobertMQ.Application.csproj", "{223AC617-65F4-4ADB-821F-933C0FEB70FF}"
EndProject
Project("{9A19103F-16F7-4668-BE54-9A1E7A4F7556}") = "RobertMQ.ReceiverWorker", "RobertMQ.ReceiverWorker\RobertMQ.ReceiverWorker.csproj", "{C362A35D-5B14-4B0C-AB33-3F0FF75B38BC}"
EndProject
Project("{E53339B2-1760-4266-BCC7-CA923CBCF16C}") = "docker-compose", "docker-compose.dcproj", "{E310F84F-0C10-440E-AE4D-EA5E563307A9}"
EndProject
Global
	GlobalSection(SolutionConfigurationPlatforms) = preSolution
		Debug|Any CPU = Debug|Any CPU
		Release|Any CPU = Release|Any CPU
	EndGlobalSection
	GlobalSection(ProjectConfigurationPlatforms) = postSolution
		{7C4E8FA6-A79E-4B67-9895-DFFCC318C353}.Debug|Any CPU.ActiveCfg = Debug|Any CPU
		{7C4E8FA6-A79E-4B67-9895-DFFCC318C353}.Debug|Any CPU.Build.0 = Debug|Any CPU
		{7C4E8FA6-A79E-4B67-9895-DFFCC318C353}.Release|Any CPU.ActiveCfg = Release|Any CPU
		{7C4E8FA6-A79E-4B67-9895-DFFCC318C353}.Release|Any CPU.Build.0 = Release|Any CPU
		{223AC617-65F4-4ADB-821F-933C0FEB70FF}.Debug|Any CPU.ActiveCfg = Debug|Any CPU
		{223AC617-65F4-4ADB-821F-933C0FEB70FF}.Debug|Any CPU.Build.0 = Debug|Any CPU
		{223AC617-65F4-4ADB-821F-933C0FEB70FF}.Release|Any CPU.ActiveCfg = Release|Any CPU
		{223AC617-65F4-4ADB-821F-933C0FEB70FF}.Release|Any CPU.Build.0 = Release|Any CPU
		{C362A35D-5B14-4B0C-AB33-3F0FF75B38BC}.Debug|Any CPU.ActiveCfg = Debug|Any CPU
		{C362A35D-5B14-4B0C-AB33-3F0FF75B38BC}.Debug|Any CPU.Build.0 = Debug|Any CPU
		{C362A35D-5B14-4B0C-AB33-3F0FF75B38BC}.Release|Any CPU.ActiveCfg = Release|Any CPU
		{C362A35D-5B14-4B0C-AB33-3F0FF75B38BC}.Release|Any CPU.Build.0 = Release|Any CPU
		{E310F84F-0C10-440E-AE4D-EA5E563307A9}.Debug|Any CPU.ActiveCfg = Debug|Any CPU
		{E310F84F-0C10-440E-AE4D-EA5E563307A9}.Debug|Any CPU.Build.0 = Debug|Any CPU
		{E310F84F-0C10-440E-AE4D-EA5E563307A9}.Release|Any CPU.ActiveCfg = Release|Any CPU
		{E310F84F-0C10-440E-AE4D-EA5E563307A9}.Release|Any CPU.Build.0 = Release|Any CPU
	EndGlobalSection
	GlobalSection(SolutionProperties) = preSolution
		HideSolutionNode = FALSE
	EndGlobalSection
	GlobalSection(ExtensibilityGlobals) = postSolution
		SolutionGuid = {D375E15A-094A-49DC-84F7-A04A3A8CC39D}
	EndGlobalSection
EndGlobal
